{
  "name": "my-monaco-api-editor",
  "version": "0.0.0",
  "lockfileVersion": 3,
  "requires": true,
  "packages": {
    "": {
      "name": "my-monaco-api-editor",
      "version": "0.0.0",
      "dependencies": {
        "@codingame/esbuild-import-meta-url-plugin": "^1.0.2",
        "@codingame/monaco-vscode-chat-extensions-notebook-task-terminal-testing-common": "^11.1.2",
        "@codingame/monaco-vscode-languages-service-override": "^11.1.2",
        "@codingame/monaco-vscode-python-default-extension": "^11.1.2",
        "@codingame/monaco-vscode-rust-default-extension": "^11.1.2",
        "@codingame/monaco-vscode-textmate-service-override": "^11.1.2",
        "@codingame/monaco-vscode-theme-defaults-default-extension": "^11.1.2",
        "@codingame/monaco-vscode-theme-service-override": "^11.1.2",
        "@codingame/monaco-vscode-typescript-basics-default-extension": "^11.1.2",
        "@types/ws": "^8.5.13",
        "monaco-editor": "npm:@codingame/monaco-vscode-editor-api",
        "monaco-languageclient": "^9.1.1",
        "prettier": "^3.4.2",
        "vscode": "npm:@codingame/monaco-vscode-api",
        "vscode-ws-jsonrpc": "^3.4.0",
        "ws": "^8.18.0"
      },
      "devDependencies": {
        "@types/vscode": "^1.96.0",
        "typescript": "~5.6.2",
        "vite": "^6.0.5"
      }
    },
    "node_modules/@codingame/esbuild-import-meta-url-plugin": {
      "version": "1.0.2",
      "license": "ISC",
      "dependencies": {
        "esbuild": ">=0.19.x",
        "import-meta-resolve": "^4.0.0"
      }
    },
    "node_modules/@codingame/monaco-vscode-api": {
      "version": "11.1.2",
      "license": "MIT",
      "peer": true,
      "dependencies": {
        "@codingame/monaco-vscode-base-service-override": "11.1.2",
        "@codingame/monaco-vscode-environment-service-override": "11.1.2",
        "@codingame/monaco-vscode-extensions-service-override": "11.1.2",
        "@codingame/monaco-vscode-files-service-override": "11.1.2",
        "@codingame/monaco-vscode-host-service-override": "11.1.2",
        "@codingame/monaco-vscode-layout-service-override": "11.1.2",
        "@codingame/monaco-vscode-quickaccess-service-override": "11.1.2",
        "@vscode/iconv-lite-umd": "0.7.0",
        "jschardet": "3.1.4",
        "marked": "~14.0.0"
      }
    },
    "node_modules/@codingame/monaco-vscode-base-service-override": {
      "version": "11.1.2",
      "license": "MIT",
      "dependencies": {
        "vscode": "npm:@codingame/monaco-vscode-api@11.1.2"
      }
    },
    "node_modules/@codingame/monaco-vscode-chat-comments-extensions-interactive-notebook-search-common": {
      "version": "11.1.2",
      "license": "MIT",
      "dependencies": {
        "vscode": "npm:@codingame/monaco-vscode-api@11.1.2"
      }
    },
    "node_modules/@codingame/monaco-vscode-chat-extensions-interactive-notebook-search-terminal-common": {
      "version": "11.1.2",
      "license": "MIT",
      "dependencies": {
        "marked": "~14.0.0",
        "vscode": "npm:@codingame/monaco-vscode-api@11.1.2"
      }
    },
    "node_modules/@codingame/monaco-vscode-chat-extensions-notebook-common": {
      "version": "11.1.2",
      "license": "MIT",
      "dependencies": {
        "@codingame/monaco-vscode-chat-extensions-interactive-notebook-search-terminal-common": "11.1.2",
        "vscode": "npm:@codingame/monaco-vscode-api@11.1.2"
      }
    },
    "node_modules/@codingame/monaco-vscode-chat-extensions-notebook-task-terminal-testing-common": {
      "version": "11.1.2",
      "license": "MIT",
      "dependencies": {
        "vscode": "npm:@codingame/monaco-vscode-api@11.1.2"
      }
    },
    "node_modules/@codingame/monaco-vscode-comments-extensions-common": {
      "version": "11.1.2",
      "license": "MIT",
      "dependencies": {
        "@codingame/monaco-vscode-chat-comments-extensions-interactive-notebook-search-common": "11.1.2",
        "vscode": "npm:@codingame/monaco-vscode-api@11.1.2"
      }
    },
    "node_modules/@codingame/monaco-vscode-configuration-service-override": {
      "version": "11.1.2",
      "license": "MIT",
      "peer": true,
      "dependencies": {
        "@codingame/monaco-vscode-files-service-override": "11.1.2",
        "vscode": "npm:@codingame/monaco-vscode-api@11.1.2"
      }
    },
    "node_modules/@codingame/monaco-vscode-editor-api": {
      "version": "11.1.2",
      "license": "MIT",
      "peer": true,
      "dependencies": {
        "vscode": "npm:@codingame/monaco-vscode-api@11.1.2"
      }
    },
    "node_modules/@codingame/monaco-vscode-environment-service-override": {
      "version": "11.1.2",
      "license": "MIT",
      "dependencies": {
        "vscode": "npm:@codingame/monaco-vscode-api@11.1.2"
      }
    },
    "node_modules/@codingame/monaco-vscode-extensions-service-override": {
      "version": "11.1.2",
      "license": "MIT",
      "dependencies": {
        "@codingame/monaco-vscode-chat-extensions-interactive-notebook-search-terminal-common": "11.1.2",
        "@codingame/monaco-vscode-chat-extensions-notebook-common": "11.1.2",
        "@codingame/monaco-vscode-comments-extensions-common": "11.1.2",
        "@codingame/monaco-vscode-files-service-override": "11.1.2",
        "vscode": "npm:@codingame/monaco-vscode-api@11.1.2"
      }
    },
    "node_modules/@codingame/monaco-vscode-files-service-override": {
      "version": "11.1.2",
      "license": "MIT",
      "dependencies": {
        "vscode": "npm:@codingame/monaco-vscode-api@11.1.2"
      }
    },
    "node_modules/@codingame/monaco-vscode-host-service-override": {
      "version": "11.1.2",
      "license": "MIT",
      "dependencies": {
        "vscode": "npm:@codingame/monaco-vscode-api@11.1.2"
      }
    },
    "node_modules/@codingame/monaco-vscode-languages-service-override": {
      "version": "11.1.2",
      "license": "MIT",
      "dependencies": {
        "@codingame/monaco-vscode-files-service-override": "11.1.2",
        "vscode": "npm:@codingame/monaco-vscode-api@11.1.2"
      }
    },
    "node_modules/@codingame/monaco-vscode-layout-service-override": {
      "version": "11.1.2",
      "license": "MIT",
      "dependencies": {
        "vscode": "npm:@codingame/monaco-vscode-api@11.1.2"
      }
    },
    "node_modules/@codingame/monaco-vscode-localization-service-override": {
      "version": "11.1.2",
      "license": "MIT",
      "peer": true,
      "dependencies": {
        "vscode": "npm:@codingame/monaco-vscode-api@11.1.2"
      }
    },
    "node_modules/@codingame/monaco-vscode-log-service-override": {
      "version": "11.1.2",
      "license": "MIT",
      "peer": true,
      "dependencies": {
        "@codingame/monaco-vscode-environment-service-override": "11.1.2",
        "vscode": "npm:@codingame/monaco-vscode-api@11.1.2"
      }
    },
    "node_modules/@codingame/monaco-vscode-model-service-override": {
      "version": "11.1.2",
      "license": "MIT",
      "peer": true,
      "dependencies": {
        "vscode": "npm:@codingame/monaco-vscode-api@11.1.2"
      }
    },
    "node_modules/@codingame/monaco-vscode-python-default-extension": {
      "version": "11.1.2",
      "license": "MIT",
      "dependencies": {
        "vscode": "npm:@codingame/monaco-vscode-api@11.1.2"
      }
    },
    "node_modules/@codingame/monaco-vscode-quickaccess-service-override": {
      "version": "11.1.2",
      "license": "MIT",
      "dependencies": {
        "vscode": "npm:@codingame/monaco-vscode-api@11.1.2"
      }
    },
    "node_modules/@codingame/monaco-vscode-rust-default-extension": {
      "version": "11.1.2",
      "license": "MIT",
      "dependencies": {
        "vscode": "npm:@codingame/monaco-vscode-api@11.1.2"
      }
    },
    "node_modules/@codingame/monaco-vscode-textmate-service-override": {
      "version": "11.1.2",
      "license": "MIT",
      "dependencies": {
        "@codingame/monaco-vscode-files-service-override": "11.1.2",
        "vscode": "npm:@codingame/monaco-vscode-api@11.1.2",
        "vscode-oniguruma": "1.7.0",
        "vscode-textmate": "9.1.0"
      }
    },
    "node_modules/@codingame/monaco-vscode-theme-defaults-default-extension": {
      "version": "11.1.2",
      "license": "MIT",
      "dependencies": {
        "vscode": "npm:@codingame/monaco-vscode-api@11.1.2"
      }
    },
    "node_modules/@codingame/monaco-vscode-theme-service-override": {
      "version": "11.1.2",
      "license": "MIT",
      "dependencies": {
        "@codingame/monaco-vscode-files-service-override": "11.1.2",
        "vscode": "npm:@codingame/monaco-vscode-api@11.1.2"
      }
    },
    "node_modules/@codingame/monaco-vscode-typescript-basics-default-extension": {
      "version": "11.1.2",
      "resolved": "https://registry.npmjs.org/@codingame/monaco-vscode-typescript-basics-default-extension/-/monaco-vscode-typescript-basics-default-extension-11.1.2.tgz",
      "integrity": "sha512-0tlkT8b4L+4U2RobfTcIje/veQgRTtQK57s0Kf8QrB1ZQqnu/3af4juX64NPDxBhepDKI9GUJAOs6ay7rB86HA==",
      "dependencies": {
        "vscode": "npm:@codingame/monaco-vscode-api@11.1.2"
      }
    },
    "node_modules/@esbuild/darwin-arm64": {
      "version": "0.24.2",
      "cpu": [
        "arm64"
      ],
      "license": "MIT",
      "optional": true,
      "os": [
        "darwin"
      ],
      "engines": {
        "node": ">=18"
      }
    },
    "node_modules/@rollup/rollup-darwin-arm64": {
      "version": "4.31.0",
      "cpu": [
        "arm64"
      ],
      "dev": true,
      "license": "MIT",
      "optional": true,
      "os": [
        "darwin"
      ]
    },
    "node_modules/@types/estree": {
      "version": "1.0.6",
      "dev": true,
      "license": "MIT"
    },
    "node_modules/@types/node": {
      "version": "22.10.7",
      "resolved": "https://registry.npmjs.org/@types/node/-/node-22.10.7.tgz",
      "integrity": "sha512-V09KvXxFiutGp6B7XkpaDXlNadZxrzajcY50EuoLIpQ6WWYCSvf19lVIazzfIzQvhUN2HjX12spLojTnhuKlGg==",
      "dependencies": {
        "undici-types": "~6.20.0"
      }
    },
    "node_modules/@types/vscode": {
      "version": "1.96.0",
      "dev": true,
      "license": "MIT"
    },
    "node_modules/@types/ws": {
      "version": "8.5.13",
      "resolved": "https://registry.npmjs.org/@types/ws/-/ws-8.5.13.tgz",
      "integrity": "sha512-osM/gWBTPKgHV8XkTunnegTRIsvF6owmf5w+JtAfOw472dptdm0dlGv4xCt6GwQRcC2XVOvvRE/0bAoQcL2QkA==",
      "dependencies": {
        "@types/node": "*"
      }
    },
    "node_modules/@vscode/iconv-lite-umd": {
      "version": "0.7.0",
      "license": "MIT"
    },
    "node_modules/balanced-match": {
      "version": "1.0.2",
      "license": "MIT"
    },
    "node_modules/brace-expansion": {
      "version": "2.0.1",
      "license": "MIT",
      "dependencies": {
        "balanced-match": "^1.0.0"
      }
    },
    "node_modules/esbuild": {
      "version": "0.24.2",
      "hasInstallScript": true,
      "license": "MIT",
      "bin": {
        "esbuild": "bin/esbuild"
      },
      "engines": {
        "node": ">=18"
      },
      "optionalDependencies": {
        "@esbuild/aix-ppc64": "0.24.2",
        "@esbuild/android-arm": "0.24.2",
        "@esbuild/android-arm64": "0.24.2",
        "@esbuild/android-x64": "0.24.2",
        "@esbuild/darwin-arm64": "0.24.2",
        "@esbuild/darwin-x64": "0.24.2",
        "@esbuild/freebsd-arm64": "0.24.2",
        "@esbuild/freebsd-x64": "0.24.2",
        "@esbuild/linux-arm": "0.24.2",
        "@esbuild/linux-arm64": "0.24.2",
        "@esbuild/linux-ia32": "0.24.2",
        "@esbuild/linux-loong64": "0.24.2",
        "@esbuild/linux-mips64el": "0.24.2",
        "@esbuild/linux-ppc64": "0.24.2",
        "@esbuild/linux-riscv64": "0.24.2",
        "@esbuild/linux-s390x": "0.24.2",
        "@esbuild/linux-x64": "0.24.2",
        "@esbuild/netbsd-arm64": "0.24.2",
        "@esbuild/netbsd-x64": "0.24.2",
        "@esbuild/openbsd-arm64": "0.24.2",
        "@esbuild/openbsd-x64": "0.24.2",
        "@esbuild/sunos-x64": "0.24.2",
        "@esbuild/win32-arm64": "0.24.2",
        "@esbuild/win32-ia32": "0.24.2",
        "@esbuild/win32-x64": "0.24.2"
      }
    },
    "node_modules/fsevents": {
      "version": "2.3.3",
      "dev": true,
      "license": "MIT",
      "optional": true,
      "os": [
        "darwin"
      ],
      "engines": {
        "node": "^8.16.0 || ^10.6.0 || >=11.0.0"
      }
    },
    "node_modules/import-meta-resolve": {
      "version": "4.1.0",
      "license": "MIT",
      "funding": {
        "type": "github",
        "url": "https://github.com/sponsors/wooorm"
      }
    },
    "node_modules/jschardet": {
      "version": "3.1.4",
      "license": "LGPL-2.1+",
      "engines": {
        "node": ">=0.1.90"
      }
    },
    "node_modules/marked": {
      "version": "14.0.0",
      "license": "MIT",
      "bin": {
        "marked": "bin/marked.js"
      },
      "engines": {
        "node": ">= 18"
      }
    },
    "node_modules/minimatch": {
      "version": "5.1.6",
      "license": "ISC",
      "dependencies": {
        "brace-expansion": "^2.0.1"
      },
      "engines": {
        "node": ">=10"
      }
    },
    "node_modules/monaco-editor": {
      "name": "@codingame/monaco-vscode-editor-api",
      "version": "11.1.2",
      "license": "MIT",
      "dependencies": {
        "vscode": "npm:@codingame/monaco-vscode-api@11.1.2"
      }
    },
    "node_modules/monaco-languageclient": {
      "version": "9.1.1",
      "license": "MIT",
      "dependencies": {
        "monaco-editor": "npm:@codingame/monaco-vscode-editor-api@~11.1.2",
        "vscode": "npm:@codingame/monaco-vscode-api@~11.1.2",
        "vscode-languageclient": "~9.0.1"
      },
      "engines": {
        "node": ">=18.19.0",
        "npm": ">=10.2.3"
      },
      "peerDependencies": {
        "@codingame/monaco-vscode-accessibility-service-override": "~11.1.2",
        "@codingame/monaco-vscode-all-default-extensions": "~11.1.2",
        "@codingame/monaco-vscode-all-language-default-extensions": "~11.1.2",
        "@codingame/monaco-vscode-all-language-feature-default-extensions": "~11.1.2",
        "@codingame/monaco-vscode-api": "~11.1.2",
        "@codingame/monaco-vscode-base-service-override": "~11.1.2",
        "@codingame/monaco-vscode-bat-default-extension": "~11.1.2",
        "@codingame/monaco-vscode-chat-extensions-notebook-common": "~11.1.2",
        "@codingame/monaco-vscode-chat-extensions-notebook-task-terminal-testing-common": "~11.1.2",
        "@codingame/monaco-vscode-chat-service-override": "~11.1.2",
        "@codingame/monaco-vscode-clojure-default-extension": "~11.1.2",
        "@codingame/monaco-vscode-coffeescript-default-extension": "~11.1.2",
        "@codingame/monaco-vscode-comments-extensions-common": "~11.1.2",
        "@codingame/monaco-vscode-configuration-editing-default-extension": "~11.1.2",
        "@codingame/monaco-vscode-configuration-service-override": "~11.1.2",
        "@codingame/monaco-vscode-cpp-default-extension": "~11.1.2",
        "@codingame/monaco-vscode-csharp-default-extension": "~11.1.2",
        "@codingame/monaco-vscode-css-default-extension": "~11.1.2",
        "@codingame/monaco-vscode-css-language-features-default-extension": "~11.1.2",
        "@codingame/monaco-vscode-dart-default-extension": "~11.1.2",
        "@codingame/monaco-vscode-debug-service-override": "~11.1.2",
        "@codingame/monaco-vscode-dialogs-service-override": "~11.1.2",
        "@codingame/monaco-vscode-diff-default-extension": "~11.1.2",
        "@codingame/monaco-vscode-docker-default-extension": "~11.1.2",
        "@codingame/monaco-vscode-editor-api": "~11.1.2",
        "@codingame/monaco-vscode-editor-service-override": "~11.1.2",
        "@codingame/monaco-vscode-emmet-default-extension": "~11.1.2",
        "@codingame/monaco-vscode-environment-service-override": "~11.1.2",
        "@codingame/monaco-vscode-explorer-service-override": "~11.1.2",
        "@codingame/monaco-vscode-extension-editing-default-extension": "~11.1.2",
        "@codingame/monaco-vscode-extensions-service-override": "~11.1.2",
        "@codingame/monaco-vscode-files-service-override": "~11.1.2",
        "@codingame/monaco-vscode-fsharp-default-extension": "~11.1.2",
        "@codingame/monaco-vscode-git-base-default-extension": "~11.1.2",
        "@codingame/monaco-vscode-github-authentication-default-extension": "~11.1.2",
        "@codingame/monaco-vscode-go-default-extension": "~11.1.2",
        "@codingame/monaco-vscode-groovy-default-extension": "~11.1.2",
        "@codingame/monaco-vscode-handlebars-default-extension": "~11.1.2",
        "@codingame/monaco-vscode-hlsl-default-extension": "~11.1.2",
        "@codingame/monaco-vscode-host-service-override": "~11.1.2",
        "@codingame/monaco-vscode-html-default-extension": "~11.1.2",
        "@codingame/monaco-vscode-html-language-features-default-extension": "~11.1.2",
        "@codingame/monaco-vscode-ini-default-extension": "~11.1.2",
        "@codingame/monaco-vscode-ipynb-default-extension": "~11.1.2",
        "@codingame/monaco-vscode-java-default-extension": "~11.1.2",
        "@codingame/monaco-vscode-javascript-default-extension": "~11.1.2",
        "@codingame/monaco-vscode-json-default-extension": "~11.1.2",
        "@codingame/monaco-vscode-json-language-features-default-extension": "~11.1.2",
        "@codingame/monaco-vscode-julia-default-extension": "~11.1.2",
        "@codingame/monaco-vscode-keybindings-service-override": "~11.1.2",
        "@codingame/monaco-vscode-language-pack-cs": "~11.1.2",
        "@codingame/monaco-vscode-language-pack-de": "~11.1.2",
        "@codingame/monaco-vscode-language-pack-es": "~11.1.2",
        "@codingame/monaco-vscode-language-pack-fr": "~11.1.2",
        "@codingame/monaco-vscode-language-pack-it": "~11.1.2",
        "@codingame/monaco-vscode-language-pack-ja": "~11.1.2",
        "@codingame/monaco-vscode-language-pack-ko": "~11.1.2",
        "@codingame/monaco-vscode-language-pack-pl": "~11.1.2",
        "@codingame/monaco-vscode-language-pack-pt-br": "~11.1.2",
        "@codingame/monaco-vscode-language-pack-qps-ploc": "~11.1.2",
        "@codingame/monaco-vscode-language-pack-ru": "~11.1.2",
        "@codingame/monaco-vscode-language-pack-tr": "~11.1.2",
        "@codingame/monaco-vscode-language-pack-zh-hans": "~11.1.2",
        "@codingame/monaco-vscode-language-pack-zh-hant": "~11.1.2",
        "@codingame/monaco-vscode-languages-service-override": "~11.1.2",
        "@codingame/monaco-vscode-latex-default-extension": "~11.1.2",
        "@codingame/monaco-vscode-layout-service-override": "~11.1.2",
        "@codingame/monaco-vscode-less-default-extension": "~11.1.2",
        "@codingame/monaco-vscode-lifecycle-service-override": "~11.1.2",
        "@codingame/monaco-vscode-localization-service-override": "~11.1.2",
        "@codingame/monaco-vscode-log-default-extension": "~11.1.2",
        "@codingame/monaco-vscode-log-service-override": "~11.1.2",
        "@codingame/monaco-vscode-lua-default-extension": "~11.1.2",
        "@codingame/monaco-vscode-make-default-extension": "~11.1.2",
        "@codingame/monaco-vscode-markdown-basics-default-extension": "~11.1.2",
        "@codingame/monaco-vscode-markdown-language-features-default-extension": "~11.1.2",
        "@codingame/monaco-vscode-markdown-math-default-extension": "~11.1.2",
        "@codingame/monaco-vscode-markers-service-override": "~11.1.2",
        "@codingame/monaco-vscode-media-preview-default-extension": "~11.1.2",
        "@codingame/monaco-vscode-merge-conflict-default-extension": "~11.1.2",
        "@codingame/monaco-vscode-microsoft-authentication-default-extension": "~11.1.2",
        "@codingame/monaco-vscode-model-service-override": "~11.1.2",
        "@codingame/monaco-vscode-monarch-service-override": "~11.1.2",
        "@codingame/monaco-vscode-notebook-renderers-default-extension": "~11.1.2",
        "@codingame/monaco-vscode-notebook-service-override": "~11.1.2",
        "@codingame/monaco-vscode-notifications-service-override": "~11.1.2",
        "@codingame/monaco-vscode-npm-default-extension": "~11.1.2",
        "@codingame/monaco-vscode-objective-c-default-extension": "~11.1.2",
        "@codingame/monaco-vscode-outline-service-override": "~11.1.2",
        "@codingame/monaco-vscode-output-service-override": "~11.1.2",
        "@codingame/monaco-vscode-perl-default-extension": "~11.1.2",
        "@codingame/monaco-vscode-php-default-extension": "~11.1.2",
        "@codingame/monaco-vscode-powershell-default-extension": "~11.1.2",
        "@codingame/monaco-vscode-preferences-service-override": "~11.1.2",
        "@codingame/monaco-vscode-pug-default-extension": "~11.1.2",
        "@codingame/monaco-vscode-python-default-extension": "~11.1.2",
        "@codingame/monaco-vscode-quickaccess-service-override": "~11.1.2",
        "@codingame/monaco-vscode-r-default-extension": "~11.1.2",
        "@codingame/monaco-vscode-razor-default-extension": "~11.1.2",
        "@codingame/monaco-vscode-references-view-default-extension": "~11.1.2",
        "@codingame/monaco-vscode-restructuredtext-default-extension": "~11.1.2",
        "@codingame/monaco-vscode-rollup-extension-directory-plugin": "~11.1.2",
        "@codingame/monaco-vscode-rollup-vsix-plugin": "~11.1.2",
        "@codingame/monaco-vscode-ruby-default-extension": "~11.1.2",
        "@codingame/monaco-vscode-rust-default-extension": "~11.1.2",
        "@codingame/monaco-vscode-scss-default-extension": "~11.1.2",
        "@codingame/monaco-vscode-search-result-default-extension": "~11.1.2",
        "@codingame/monaco-vscode-search-service-override": "~11.1.2",
        "@codingame/monaco-vscode-server": "~11.1.2",
        "@codingame/monaco-vscode-shaderlab-default-extension": "~11.1.2",
        "@codingame/monaco-vscode-share-service-override": "~11.1.2",
        "@codingame/monaco-vscode-shellscript-default-extension": "~11.1.2",
        "@codingame/monaco-vscode-simple-browser-default-extension": "~11.1.2",
        "@codingame/monaco-vscode-snippets-service-override": "~11.1.2",
        "@codingame/monaco-vscode-sql-default-extension": "~11.1.2",
        "@codingame/monaco-vscode-standalone-css-language-features": "~11.1.2",
        "@codingame/monaco-vscode-standalone-html-language-features": "~11.1.2",
        "@codingame/monaco-vscode-standalone-json-language-features": "~11.1.2",
        "@codingame/monaco-vscode-standalone-languages": "~11.1.2",
        "@codingame/monaco-vscode-standalone-typescript-language-features": "~11.1.2",
        "@codingame/monaco-vscode-storage-service-override": "~11.1.2",
        "@codingame/monaco-vscode-swift-default-extension": "~11.1.2",
        "@codingame/monaco-vscode-task-service-override": "~11.1.2",
        "@codingame/monaco-vscode-terminal-service-override": "~11.1.2",
        "@codingame/monaco-vscode-testing-service-override": "~11.1.2",
        "@codingame/monaco-vscode-textmate-service-override": "~11.1.2",
        "@codingame/monaco-vscode-theme-abyss-default-extension": "~11.1.2",
        "@codingame/monaco-vscode-theme-defaults-default-extension": "~11.1.2",
        "@codingame/monaco-vscode-theme-kimbie-dark-default-extension": "~11.1.2",
        "@codingame/monaco-vscode-theme-monokai-default-extension": "~11.1.2",
        "@codingame/monaco-vscode-theme-monokai-dimmed-default-extension": "~11.1.2",
        "@codingame/monaco-vscode-theme-quietlight-default-extension": "~11.1.2",
        "@codingame/monaco-vscode-theme-red-default-extension": "~11.1.2",
        "@codingame/monaco-vscode-theme-service-override": "~11.1.2",
        "@codingame/monaco-vscode-theme-seti-default-extension": "~11.1.2",
        "@codingame/monaco-vscode-theme-solarized-dark-default-extension": "~11.1.2",
        "@codingame/monaco-vscode-theme-solarized-light-default-extension": "~11.1.2",
        "@codingame/monaco-vscode-theme-tomorrow-night-blue-default-extension": "~11.1.2",
        "@codingame/monaco-vscode-timeline-service-override": "~11.1.2",
        "@codingame/monaco-vscode-typescript-basics-default-extension": "~11.1.2",
        "@codingame/monaco-vscode-typescript-language-features-default-extens": "~11.1.2",
        "@codingame/monaco-vscode-update-service-override": "~11.1.2",
        "@codingame/monaco-vscode-vb-default-extension": "~11.1.2",
        "@codingame/monaco-vscode-views-service-override": "~11.1.2",
        "@codingame/monaco-vscode-welcome-service-override": "~11.1.2",
        "@codingame/monaco-vscode-workbench-service-override": "~11.1.2",
        "@codingame/monaco-vscode-xml-default-extension": "~11.1.2",
        "@codingame/monaco-vscode-yaml-default-extension": "~11.1.2"
      },
      "peerDependenciesMeta": {
        "@codingame/monaco-vscode-accessibility-service-override": {
          "optional": true
        },
        "@codingame/monaco-vscode-all-default-extensions": {
          "optional": true
        },
        "@codingame/monaco-vscode-all-language-default-extensions": {
          "optional": true
        },
        "@codingame/monaco-vscode-all-language-feature-default-extensions": {
          "optional": true
        },
        "@codingame/monaco-vscode-api": {
          "optional": false
        },
        "@codingame/monaco-vscode-base-service-override": {
          "optional": true
        },
        "@codingame/monaco-vscode-bat-default-extension": {
          "optional": true
        },
        "@codingame/monaco-vscode-chat-extensions-notebook-common": {
          "optional": true
        },
        "@codingame/monaco-vscode-chat-extensions-notebook-task-terminal-testing-common": {
          "optional": true
        },
        "@codingame/monaco-vscode-chat-service-override": {
          "optional": true
        },
        "@codingame/monaco-vscode-clojure-default-extension": {
          "optional": true
        },
        "@codingame/monaco-vscode-coffeescript-default-extension": {
          "optional": true
        },
        "@codingame/monaco-vscode-comments-extensions-common": {
          "optional": true
        },
        "@codingame/monaco-vscode-configuration-editing-default-extension": {
          "optional": true
        },
        "@codingame/monaco-vscode-configuration-service-override": {
          "optional": false
        },
        "@codingame/monaco-vscode-cpp-default-extension": {
          "optional": true
        },
        "@codingame/monaco-vscode-csharp-default-extension": {
          "optional": true
        },
        "@codingame/monaco-vscode-css-default-extension": {
          "optional": true
        },
        "@codingame/monaco-vscode-css-language-features-default-extension": {
          "optional": true
        },
        "@codingame/monaco-vscode-dart-default-extension": {
          "optional": true
        },
        "@codingame/monaco-vscode-debug-service-override": {
          "optional": true
        },
        "@codingame/monaco-vscode-dialogs-service-override": {
          "optional": true
        },
        "@codingame/monaco-vscode-diff-default-extension": {
          "optional": true
        },
        "@codingame/monaco-vscode-docker-default-extension": {
          "optional": true
        },
        "@codingame/monaco-vscode-editor-api": {
          "optional": false
        },
        "@codingame/monaco-vscode-editor-service-override": {
          "optional": true
        },
        "@codingame/monaco-vscode-emmet-default-extension": {
          "optional": true
        },
        "@codingame/monaco-vscode-environment-service-override": {
          "optional": true
        },
        "@codingame/monaco-vscode-explorer-service-override": {
          "optional": true
        },
        "@codingame/monaco-vscode-extension-editing-default-extension": {
          "optional": true
        },
        "@codingame/monaco-vscode-extensions-service-override": {
          "optional": false
        },
        "@codingame/monaco-vscode-files-service-override": {
          "optional": true
        },
        "@codingame/monaco-vscode-fsharp-default-extension": {
          "optional": true
        },
        "@codingame/monaco-vscode-git-base-default-extension": {
          "optional": true
        },
        "@codingame/monaco-vscode-github-authentication-default-extension": {
          "optional": true
        },
        "@codingame/monaco-vscode-go-default-extension": {
          "optional": true
        },
        "@codingame/monaco-vscode-groovy-default-extension": {
          "optional": true
        },
        "@codingame/monaco-vscode-handlebars-default-extension": {
          "optional": true
        },
        "@codingame/monaco-vscode-hlsl-default-extension": {
          "optional": true
        },
        "@codingame/monaco-vscode-host-service-override": {
          "optional": true
        },
        "@codingame/monaco-vscode-html-default-extension": {
          "optional": true
        },
        "@codingame/monaco-vscode-html-language-features-default-extension": {
          "optional": true
        },
        "@codingame/monaco-vscode-ini-default-extension": {
          "optional": true
        },
        "@codingame/monaco-vscode-ipynb-default-extension": {
          "optional": true
        },
        "@codingame/monaco-vscode-java-default-extension": {
          "optional": true
        },
        "@codingame/monaco-vscode-javascript-default-extension": {
          "optional": true
        },
        "@codingame/monaco-vscode-json-default-extension": {
          "optional": true
        },
        "@codingame/monaco-vscode-json-language-features-default-extension": {
          "optional": true
        },
        "@codingame/monaco-vscode-julia-default-extension": {
          "optional": true
        },
        "@codingame/monaco-vscode-keybindings-service-override": {
          "optional": true
        },
        "@codingame/monaco-vscode-language-pack-cs": {
          "optional": true
        },
        "@codingame/monaco-vscode-language-pack-de": {
          "optional": true
        },
        "@codingame/monaco-vscode-language-pack-es": {
          "optional": true
        },
        "@codingame/monaco-vscode-language-pack-fr": {
          "optional": true
        },
        "@codingame/monaco-vscode-language-pack-it": {
          "optional": true
        },
        "@codingame/monaco-vscode-language-pack-ja": {
          "optional": true
        },
        "@codingame/monaco-vscode-language-pack-ko": {
          "optional": true
        },
        "@codingame/monaco-vscode-language-pack-pl": {
          "optional": true
        },
        "@codingame/monaco-vscode-language-pack-pt-br": {
          "optional": true
        },
        "@codingame/monaco-vscode-language-pack-qps-ploc": {
          "optional": true
        },
        "@codingame/monaco-vscode-language-pack-ru": {
          "optional": true
        },
        "@codingame/monaco-vscode-language-pack-tr": {
          "optional": true
        },
        "@codingame/monaco-vscode-language-pack-zh-hans": {
          "optional": true
        },
        "@codingame/monaco-vscode-language-pack-zh-hant": {
          "optional": true
        },
        "@codingame/monaco-vscode-languages-service-override": {
          "optional": false
        },
        "@codingame/monaco-vscode-latex-default-extension": {
          "optional": true
        },
        "@codingame/monaco-vscode-layout-service-override": {
          "optional": true
        },
        "@codingame/monaco-vscode-less-default-extension": {
          "optional": true
        },
        "@codingame/monaco-vscode-lifecycle-service-override": {
          "optional": true
        },
        "@codingame/monaco-vscode-localization-service-override": {
          "optional": false
        },
        "@codingame/monaco-vscode-log-default-extension": {
          "optional": true
        },
        "@codingame/monaco-vscode-log-service-override": {
          "optional": false
        },
        "@codingame/monaco-vscode-lua-default-extension": {
          "optional": true
        },
        "@codingame/monaco-vscode-make-default-extension": {
          "optional": true
        },
        "@codingame/monaco-vscode-markdown-basics-default-extension": {
          "optional": true
        },
        "@codingame/monaco-vscode-markdown-language-features-default-extension": {
          "optional": true
        },
        "@codingame/monaco-vscode-markdown-math-default-extension": {
          "optional": true
        },
        "@codingame/monaco-vscode-markers-service-override": {
          "optional": true
        },
        "@codingame/monaco-vscode-media-preview-default-extension": {
          "optional": true
        },
        "@codingame/monaco-vscode-merge-conflict-default-extension": {
          "optional": true
        },
        "@codingame/monaco-vscode-microsoft-authentication-default-extension": {
          "optional": true
        },
        "@codingame/monaco-vscode-model-service-override": {
          "optional": false
        },
        "@codingame/monaco-vscode-monarch-service-override": {
          "optional": true
        },
        "@codingame/monaco-vscode-notebook-renderers-default-extension": {
          "optional": true
        },
        "@codingame/monaco-vscode-notebook-service-override": {
          "optional": true
        },
        "@codingame/monaco-vscode-notifications-service-override": {
          "optional": true
        },
        "@codingame/monaco-vscode-npm-default-extension": {
          "optional": true
        },
        "@codingame/monaco-vscode-objective-c-default-extension": {
          "optional": true
        },
        "@codingame/monaco-vscode-outline-service-override": {
          "optional": true
        },
        "@codingame/monaco-vscode-output-service-override": {
          "optional": true
        },
        "@codingame/monaco-vscode-perl-default-extension": {
          "optional": true
        },
        "@codingame/monaco-vscode-php-default-extension": {
          "optional": true
        },
        "@codingame/monaco-vscode-powershell-default-extension": {
          "optional": true
        },
        "@codingame/monaco-vscode-preferences-service-override": {
          "optional": true
        },
        "@codingame/monaco-vscode-pug-default-extension": {
          "optional": true
        },
        "@codingame/monaco-vscode-python-default-extension": {
          "optional": true
        },
        "@codingame/monaco-vscode-quickaccess-service-override": {
          "optional": true
        },
        "@codingame/monaco-vscode-r-default-extension": {
          "optional": true
        },
        "@codingame/monaco-vscode-razor-default-extension": {
          "optional": true
        },
        "@codingame/monaco-vscode-references-view-default-extension": {
          "optional": true
        },
        "@codingame/monaco-vscode-restructuredtext-default-extension": {
          "optional": true
        },
        "@codingame/monaco-vscode-rollup-extension-directory-plugin": {
          "optional": true
        },
        "@codingame/monaco-vscode-rollup-vsix-plugin": {
          "optional": true
        },
        "@codingame/monaco-vscode-ruby-default-extension": {
          "optional": true
        },
        "@codingame/monaco-vscode-rust-default-extension": {
          "optional": true
        },
        "@codingame/monaco-vscode-scss-default-extension": {
          "optional": true
        },
        "@codingame/monaco-vscode-search-result-default-extension": {
          "optional": true
        },
        "@codingame/monaco-vscode-search-service-override": {
          "optional": true
        },
        "@codingame/monaco-vscode-server": {
          "optional": true
        },
        "@codingame/monaco-vscode-shaderlab-default-extension": {
          "optional": true
        },
        "@codingame/monaco-vscode-share-service-override": {
          "optional": true
        },
        "@codingame/monaco-vscode-shellscript-default-extension": {
          "optional": true
        },
        "@codingame/monaco-vscode-simple-browser-default-extension": {
          "optional": true
        },
        "@codingame/monaco-vscode-snippets-service-override": {
          "optional": true
        },
        "@codingame/monaco-vscode-sql-default-extension": {
          "optional": true
        },
        "@codingame/monaco-vscode-standalone-css-language-features": {
          "optional": true
        },
        "@codingame/monaco-vscode-standalone-html-language-features": {
          "optional": true
        },
        "@codingame/monaco-vscode-standalone-json-language-features": {
          "optional": true
        },
        "@codingame/monaco-vscode-standalone-languages": {
          "optional": true
        },
        "@codingame/monaco-vscode-standalone-typescript-language-features": {
          "optional": true
        },
        "@codingame/monaco-vscode-storage-service-override": {
          "optional": true
        },
        "@codingame/monaco-vscode-swift-default-extension": {
          "optional": true
        },
        "@codingame/monaco-vscode-task-service-override": {
          "optional": true
        },
        "@codingame/monaco-vscode-terminal-service-override": {
          "optional": true
        },
        "@codingame/monaco-vscode-testing-service-override": {
          "optional": true
        },
        "@codingame/monaco-vscode-textmate-service-override": {
          "optional": true
        },
        "@codingame/monaco-vscode-theme-abyss-default-extension": {
          "optional": true
        },
        "@codingame/monaco-vscode-theme-defaults-default-extension": {
          "optional": true
        },
        "@codingame/monaco-vscode-theme-kimbie-dark-default-extension": {
          "optional": true
        },
        "@codingame/monaco-vscode-theme-monokai-default-extension": {
          "optional": true
        },
        "@codingame/monaco-vscode-theme-monokai-dimmed-default-extension": {
          "optional": true
        },
        "@codingame/monaco-vscode-theme-quietlight-default-extension": {
          "optional": true
        },
        "@codingame/monaco-vscode-theme-red-default-extension": {
          "optional": true
        },
        "@codingame/monaco-vscode-theme-service-override": {
          "optional": true
        },
        "@codingame/monaco-vscode-theme-seti-default-extension": {
          "optional": true
        },
        "@codingame/monaco-vscode-theme-solarized-dark-default-extension": {
          "optional": true
        },
        "@codingame/monaco-vscode-theme-solarized-light-default-extension": {
          "optional": true
        },
        "@codingame/monaco-vscode-theme-tomorrow-night-blue-default-extension": {
          "optional": true
        },
        "@codingame/monaco-vscode-timeline-service-override": {
          "optional": true
        },
        "@codingame/monaco-vscode-typescript-basics-default-extension": {
          "optional": true
        },
        "@codingame/monaco-vscode-typescript-language-features-default-extens": {
          "optional": true
        },
        "@codingame/monaco-vscode-update-service-override": {
          "optional": true
        },
        "@codingame/monaco-vscode-vb-default-extension": {
          "optional": true
        },
        "@codingame/monaco-vscode-views-service-override": {
          "optional": true
        },
        "@codingame/monaco-vscode-welcome-service-override": {
          "optional": true
        },
        "@codingame/monaco-vscode-workbench-service-override": {
          "optional": true
        },
        "@codingame/monaco-vscode-xml-default-extension": {
          "optional": true
        },
        "@codingame/monaco-vscode-yaml-default-extension": {
          "optional": true
        }
      }
    },
    "node_modules/nanoid": {
      "version": "3.3.8",
      "dev": true,
      "funding": [
        {
          "type": "github",
          "url": "https://github.com/sponsors/ai"
        }
      ],
      "license": "MIT",
      "bin": {
        "nanoid": "bin/nanoid.cjs"
      },
      "engines": {
        "node": "^10 || ^12 || ^13.7 || ^14 || >=15.0.1"
      }
    },
    "node_modules/picocolors": {
      "version": "1.1.1",
      "dev": true,
      "license": "ISC"
    },
    "node_modules/postcss": {
      "version": "8.5.1",
      "dev": true,
      "funding": [
        {
          "type": "opencollective",
          "url": "https://opencollective.com/postcss/"
        },
        {
          "type": "tidelift",
          "url": "https://tidelift.com/funding/github/npm/postcss"
        },
        {
          "type": "github",
          "url": "https://github.com/sponsors/ai"
        }
      ],
      "license": "MIT",
      "dependencies": {
        "nanoid": "^3.3.8",
        "picocolors": "^1.1.1",
        "source-map-js": "^1.2.1"
      },
      "engines": {
        "node": "^10 || ^12 || >=14"
      }
    },
    "node_modules/prettier": {
      "version": "3.4.2",
      "license": "MIT",
      "bin": {
        "prettier": "bin/prettier.cjs"
      },
      "engines": {
        "node": ">=14"
      },
      "funding": {
        "url": "https://github.com/prettier/prettier?sponsor=1"
      }
    },
    "node_modules/rollup": {
      "version": "4.31.0",
      "dev": true,
      "license": "MIT",
      "dependencies": {
        "@types/estree": "1.0.6"
      },
      "bin": {
        "rollup": "dist/bin/rollup"
      },
      "engines": {
        "node": ">=18.0.0",
        "npm": ">=8.0.0"
      },
      "optionalDependencies": {
        "@rollup/rollup-android-arm-eabi": "4.31.0",
        "@rollup/rollup-android-arm64": "4.31.0",
        "@rollup/rollup-darwin-arm64": "4.31.0",
        "@rollup/rollup-darwin-x64": "4.31.0",
        "@rollup/rollup-freebsd-arm64": "4.31.0",
        "@rollup/rollup-freebsd-x64": "4.31.0",
        "@rollup/rollup-linux-arm-gnueabihf": "4.31.0",
        "@rollup/rollup-linux-arm-musleabihf": "4.31.0",
        "@rollup/rollup-linux-arm64-gnu": "4.31.0",
        "@rollup/rollup-linux-arm64-musl": "4.31.0",
        "@rollup/rollup-linux-loongarch64-gnu": "4.31.0",
        "@rollup/rollup-linux-powerpc64le-gnu": "4.31.0",
        "@rollup/rollup-linux-riscv64-gnu": "4.31.0",
        "@rollup/rollup-linux-s390x-gnu": "4.31.0",
        "@rollup/rollup-linux-x64-gnu": "4.31.0",
        "@rollup/rollup-linux-x64-musl": "4.31.0",
        "@rollup/rollup-win32-arm64-msvc": "4.31.0",
        "@rollup/rollup-win32-ia32-msvc": "4.31.0",
        "@rollup/rollup-win32-x64-msvc": "4.31.0",
        "fsevents": "~2.3.2"
      }
    },
    "node_modules/semver": {
      "version": "7.6.3",
      "license": "ISC",
      "bin": {
        "semver": "bin/semver.js"
      },
      "engines": {
        "node": ">=10"
      }
    },
    "node_modules/source-map-js": {
      "version": "1.2.1",
      "dev": true,
      "license": "BSD-3-Clause",
      "engines": {
        "node": ">=0.10.0"
      }
    },
    "node_modules/typescript": {
      "version": "5.6.3",
      "dev": true,
      "license": "Apache-2.0",
      "bin": {
        "tsc": "bin/tsc",
        "tsserver": "bin/tsserver"
      },
      "engines": {
        "node": ">=14.17"
      }
    },
    "node_modules/undici-types": {
      "version": "6.20.0",
      "resolved": "https://registry.npmjs.org/undici-types/-/undici-types-6.20.0.tgz",
      "integrity": "sha512-Ny6QZ2Nju20vw1SRHe3d9jVu6gJ+4e3+MMpqu7pqE5HT6WsTSlce++GQmK5UXS8mzV8DSYHrQH+Xrf2jVcuKNg=="
    },
    "node_modules/vite": {
      "version": "6.0.11",
      "dev": true,
      "license": "MIT",
      "dependencies": {
        "esbuild": "^0.24.2",
        "postcss": "^8.4.49",
        "rollup": "^4.23.0"
      },
      "bin": {
        "vite": "bin/vite.js"
      },
      "engines": {
        "node": "^18.0.0 || ^20.0.0 || >=22.0.0"
      },
      "funding": {
        "url": "https://github.com/vitejs/vite?sponsor=1"
      },
      "optionalDependencies": {
        "fsevents": "~2.3.3"
      },
      "peerDependencies": {
        "@types/node": "^18.0.0 || ^20.0.0 || >=22.0.0",
        "jiti": ">=1.21.0",
        "less": "*",
        "lightningcss": "^1.21.0",
        "sass": "*",
        "sass-embedded": "*",
        "stylus": "*",
        "sugarss": "*",
        "terser": "^5.16.0",
        "tsx": "^4.8.1",
        "yaml": "^2.4.2"
      },
      "peerDependenciesMeta": {
        "@types/node": {
          "optional": true
        },
        "jiti": {
          "optional": true
        },
        "less": {
          "optional": true
        },
        "lightningcss": {
          "optional": true
        },
        "sass": {
          "optional": true
        },
        "sass-embedded": {
          "optional": true
        },
        "stylus": {
          "optional": true
        },
        "sugarss": {
          "optional": true
        },
        "terser": {
          "optional": true
        },
        "tsx": {
          "optional": true
        },
        "yaml": {
          "optional": true
        }
      }
    },
    "node_modules/vscode": {
      "name": "@codingame/monaco-vscode-api",
      "version": "11.1.2",
      "license": "MIT",
      "dependencies": {
        "@codingame/monaco-vscode-base-service-override": "11.1.2",
        "@codingame/monaco-vscode-environment-service-override": "11.1.2",
        "@codingame/monaco-vscode-extensions-service-override": "11.1.2",
        "@codingame/monaco-vscode-files-service-override": "11.1.2",
        "@codingame/monaco-vscode-host-service-override": "11.1.2",
        "@codingame/monaco-vscode-layout-service-override": "11.1.2",
        "@codingame/monaco-vscode-quickaccess-service-override": "11.1.2",
        "@vscode/iconv-lite-umd": "0.7.0",
        "jschardet": "3.1.4",
        "marked": "~14.0.0"
      }
    },
    "node_modules/vscode-jsonrpc": {
      "version": "8.2.1",
      "license": "MIT",
      "engines": {
        "node": ">=14.0.0"
      }
    },
    "node_modules/vscode-languageclient": {
      "version": "9.0.1",
      "license": "MIT",
      "dependencies": {
        "minimatch": "^5.1.0",
        "semver": "^7.3.7",
        "vscode-languageserver-protocol": "3.17.5"
      },
      "engines": {
        "vscode": "^1.82.0"
      }
    },
    "node_modules/vscode-languageserver-protocol": {
      "version": "3.17.5",
      "license": "MIT",
      "dependencies": {
        "vscode-jsonrpc": "8.2.0",
        "vscode-languageserver-types": "3.17.5"
      }
    },
    "node_modules/vscode-languageserver-protocol/node_modules/vscode-jsonrpc": {
      "version": "8.2.0",
      "license": "MIT",
      "engines": {
        "node": ">=14.0.0"
      }
    },
    "node_modules/vscode-languageserver-types": {
      "version": "3.17.5",
      "license": "MIT"
    },
    "node_modules/vscode-oniguruma": {
      "version": "1.7.0",
      "license": "MIT"
    },
    "node_modules/vscode-textmate": {
      "version": "9.1.0",
      "license": "MIT"
    },
    "node_modules/vscode-ws-jsonrpc": {
      "version": "3.4.0",
      "license": "MIT",
      "dependencies": {
        "vscode-jsonrpc": "~8.2.1"
      },
      "engines": {
        "node": ">=18.19.0",
        "npm": ">=10.2.3"
      }
    },
    "node_modules/ws": {
      "version": "8.18.0",
      "resolved": "https://registry.npmjs.org/ws/-/ws-8.18.0.tgz",
      "integrity": "sha512-8VbfWfHLbbwu3+N6OKsOMpBdT4kXPDDB9cJk2bJ6mh9ucxdlnNvH1e+roYkKmN9Nxw2yjz7VzeO9oOz2zJ04Pw==",
      "engines": {
        "node": ">=10.0.0"
      },
      "peerDependencies": {
        "bufferutil": "^4.0.1",
        "utf-8-validate": ">=5.0.2"
      },
      "peerDependenciesMeta": {
        "bufferutil": {
          "optional": true
        },
        "utf-8-validate": {
          "optional": true
        }
      }
    }
  }
}
